{
  "lockfileVersion": 1,
  "configVersion": 1,
  "workspaces": {
    "": {
      "name": "zed-ai-lens-server",
      "dependencies": {
        "marked": "^18.0.11",
        "picomatch": "^4.0.2",
        "vscode-languageserver": "^9.0.1",
        "vscode-languageserver-textdocument": "^1.0.12",
      },
      "devDependencies": {
        "@types/node": "^22.10.2",
        "@types/picomatch": "^3.0.1",
        "typescript": "^5.7.2",
      },
    },
  },
  "packages": {
    "@types/node": ["@types/node@22.20.1", "", { "dependencies": { "undici-types": "~6.21.0" } }, "sha512-EANqOCF9QFyra+4pfxUcX9STKJpCLjMbObVzljIJomAWSnuSIEAvyzEU53GaajbXJEgdh0iEcPL+DGvpUd4k1Q=="],

    "@types/picomatch": ["@types/picomatch@3.0.2", "", {}, "sha512-n0i8TD3UDB7paoMMxA3Y65vUncFJXjcUf7lQY7YyKGl6031FNjfsLs6pdLFCy2GNFxItPJG8GvvpbZc2skH7WA=="],

    "marked": ["marked@18.0.11", "", { "bin": { "marked": "bin/marked.js" } }, "sha512-HnslJfsZkRPBDJRHvVtAaWlZHEpSu7u8LgQuJCELjRKuWR+hpq4A7sLq3p8HaI9ypVoXDXxV34CsQJEe1+J5Aw=="],

    "picomatch": ["picomatch@4.0.7", "", {}, "sha512-qcJu88Q2IWqJsDD529JKMdwGm/dvInW4HvQnRwiH9JtihJvzGOscDtHE3x1pBKeUOTysQ8kVmLnJ2kJu7yhcGA=="],

    "typescript": ["typescript@5.9.3", "", { "bin": { "tsc": "bin/tsc", "tsserver": "bin/tsserver" } }, "sha512-jl1vZzPDinLr9eUt3J/t7V6FgNEw9QjvBPdysz9KfQDD41fQrC2Y4vKQdiaUpFT4bXlb1RHhLpp8wtm6M5TgSw=="],

    "undici-types": ["undici-types@6.21.0", "", {}, "sha512-iwDZqg0QAGrg9Rav5H4n0M64c3mkR59cJ6wQp+7C4nI0gsmExaedaYLNO44eT4AtBBwjbTiGPMlt2Md0T9H9JQ=="],

    "vscode-jsonrpc": ["vscode-jsonrpc@8.2.0", "", {}, "sha512-C+r0eKJUIfiDIfwJhria30+TYWPtuHJXHtI7J0YlOmKAo7ogxP20T0zxB7HZQIFhIyvoBPwWskjxrvAtfjyZfA=="],

    "vscode-languageserver": ["vscode-languageserver@9.0.1", "", { "dependencies": { "vscode-languageserver-protocol": "3.17.5" }, "bin": { "installServerIntoExtension": "bin/installServerIntoExtension" } }, "sha512-woByF3PDpkHFUreUa7Hos7+pUWdeWMXRd26+ZX2A8cFx6v/JPTtd4/uN0/jB6XQHYaOlHbio03NTHCqrgG5n7g=="],

    "vscode-languageserver-protocol": ["vscode-languageserver-protocol@3.17.5", "", { "dependencies": { "vscode-jsonrpc": "8.2.0", "vscode-languageserver-types": "3.17.5" } }, "sha512-mb1bvRJN8SVznADSGWM9u/b07H7Ecg0I3OgXDuLdn307rl/J3A9YD6/eYOssqhecL27hK1IPZAsaqh00i/Jljg=="],

    "vscode-languageserver-textdocument": ["vscode-languageserver-textdocument@1.0.14", "", {}, "sha512-EQyqJMi552E4ZTf46izQ4Fj6XquqxCySR3J5ZSD1SisMf6RfpeOWHxGBE8Gr6V0/3GHIGdAzDn8F8+1nTGCnoQ=="],

    "vscode-languageserver-types": ["vscode-languageserver-types@3.17.5", "", {}, "sha512-Ld1VelNuX9pdF39h2Hgaeb5hEZM2Z3jUrrMgWQAu82jMtZp7p3vJT3BzToKtZI7NgQssZje5o0zryOrhQvzQAg=="],
  }
}
